{
  "name": "paul.kinlan.me",
  "lockfileVersion": 2,
  "requires": true,
  "packages": {
    "": {
      "name": "paul.kinlan.me",
      "dependencies": {
        "file-drop-element": "^1.0.1",
        "node-fetch": "^2.6.1",
        "pinch-zoom-element": "^1.1.1",
        "sax": "^1.2.4"
      }
    },
    "node_modules/file-drop-element": {
      "version": "1.0.1",
      "resolved": "https://registry.npmjs.org/file-drop-element/-/file-drop-element-1.0.1.tgz",
      "integrity": "sha512-na2cwntTVgMsR+BZ2YBr/XQk941DKDw2LJKbV7g6TRdGBQ3rx8V53oEviG8zPWoBOySwK9w/SlZ/gb/F/48I8A=="
    },
    "node_modules/node-fetch": {
      "version": "2.6.7",
      "resolved": "https://registry.npmjs.org/node-fetch/-/node-fetch-2.6.7.tgz",
      "integrity": "sha512-ZjMPFEfVx5j+y2yF35Kzx5sF7kDzxuDj6ziH4FFbOp87zKDZNx8yExJIb05OGF4Nlt9IHFIMBkRl41VdvcNdbQ==",
      "dependencies": {
        "whatwg-url": "^5.0.0"
      },
      "engines": {
        "node": "4.x || >=6.0.0"
      },
      "peerDependencies": {
        "encoding": "^0.1.0"
      },
      "peerDependenciesMeta": {
        "encoding": {
          "optional": true
        }
      }
    },
    "node_modules/pinch-zoom-element": {
      "version": "1.1.1",
      "resolved": "https://registry.npmjs.org/pinch-zoom-element/-/pinch-zoom-element-1.1.1.tgz",
      "integrity": "sha512-aqgz+Fqw2UgMUUfxWD3UEE9YsgEyHKSma4Y2YQG+PlgX/0sTMafP8X663VlMME6G04OWyU3u2uyG86fbFEajug==",
      "dependencies": {
        "pointer-tracker": "^2.0.3"
      }
    },
    "node_modules/pointer-tracker": {
      "version": "2.5.3",
      "resolved": "https://registry.npmjs.org/pointer-tracker/-/pointer-tracker-2.5.3.tgz",
      "integrity": "sha512-LiJUeIbzk4dXq678YeyrZ++mdY17q4n/2sBHfU9wIuvmSzdiPgMvmvWN2g8mY4J7YwYOIrqrZUWP/MfFHVwYtg=="
    },
    "node_modules/sax": {
      "version": "1.2.4",
      "resolved": "https://registry.npmjs.org/sax/-/sax-1.2.4.tgz",
      "integrity": "sha512-NqVDv9TpANUjFm0N8uM5GxL36UgKi9/atZw+x7YFnQ8ckwFGKrl4xX4yWtrey3UJm5nP1kUbnYgLopqWNSRhWw=="
    },
    "node_modules/tr46": {
      "version": "0.0.3",
      "resolved": "https://registry.npmjs.org/tr46/-/tr46-0.0.3.tgz",
      "integrity": "sha1-gYT9NH2snNwYWZLzpmIuFLnZq2o="
    },
    "node_modules/webidl-conversions": {
      "version": "3.0.1",
      "resolved": "https://registry.npmjs.org/webidl-conversions/-/webidl-conversions-3.0.1.tgz",
      "integrity": "sha1-JFNCdeKnvGvnvIZhHMFq4KVlSHE="
    },
    "node_modules/whatwg-url": {
      "version": "5.0.0",
      "resolved": "https://registry.npmjs.org/whatwg-url/-/whatwg-url-5.0.0.tgz",
      "integrity": "sha1-lmRU6HZUYuN2RNNib2dCzotwll0=",
      "dependencies": {
        "tr46": "~0.0.3",
        "webidl-conversions": "^3.0.0"
      }
    }
  },
  "dependencies": {
    "file-drop-element": {
      "version": "1.0.1",
      "resolved": "https://registry.npmjs.org/file-drop-element/-/file-drop-element-1.0.1.tgz",
      "integrity": "sha512-na2cwntTVgMsR+BZ2YBr/XQk941DKDw2LJKbV7g6TRdGBQ3rx8V53oEviG8zPWoBOySwK9w/SlZ/gb/F/48I8A=="
    },
    "node-fetch": {
      "version": "2.6.7",
      "resolved": "https://registry.npmjs.org/node-fetch/-/node-fetch-2.6.7.tgz",
      "integrity": "sha512-ZjMPFEfVx5j+y2yF35Kzx5sF7kDzxuDj6ziH4FFbOp87zKDZNx8yExJIb05OGF4Nlt9IHFIMBkRl41VdvcNdbQ==",
      "requires": {
        "whatwg-url": "^5.0.0"
      }
    },
    "pinch-zoom-element": {
      "version": "1.1.1",
      "resolved": "https://registry.npmjs.org/pinch-zoom-element/-/pinch-zoom-element-1.1.1.tgz",
      "integrity": "sha512-aqgz+Fqw2UgMUUfxWD3UEE9YsgEyHKSma4Y2YQG+PlgX/0sTMafP8X663VlMME6G04OWyU3u2uyG86fbFEajug==",
      "requires": {
        "pointer-tracker": "^2.0.3"
      }
    },
    "pointer-tracker": {
      "version": "2.5.3",
      "resolved": "https://registry.npmjs.org/pointer-tracker/-/pointer-tracker-2.5.3.tgz",
      "integrity": "sha512-LiJUeIbzk4dXq678YeyrZ++mdY17q4n/2sBHfU9wIuvmSzdiPgMvmvWN2g8mY4J7YwYOIrqrZUWP/MfFHVwYtg=="
    },
    "sax": {
      "version": "1.2.4",
      "resolved": "https://registry.npmjs.org/sax/-/sax-1.2.4.tgz",
      "integrity": "sha512-NqVDv9TpANUjFm0N8uM5GxL36UgKi9/atZw+x7YFnQ8ckwFGKrl4xX4yWtrey3UJm5nP1kUbnYgLopqWNSRhWw=="
    },
    "tr46": {
      "version": "0.0.3",
      "resolved": "https://registry.npmjs.org/tr46/-/tr46-0.0.3.tgz",
      "integrity": "sha1-gYT9NH2snNwYWZLzpmIuFLnZq2o="
    },
    "webidl-conversions": {
      "version": "3.0.1",
      "resolved": "https://registry.npmjs.org/webidl-conversions/-/webidl-conversions-3.0.1.tgz",
      "integrity": "sha1-JFNCdeKnvGvnvIZhHMFq4KVlSHE="
    },
    "whatwg-url": {
      "version": "5.0.0",
      "resolved": "https://registry.npmjs.org/whatwg-url/-/whatwg-url-5.0.0.tgz",
      "integrity": "sha1-lmRU6HZUYuN2RNNib2dCzotwll0=",
      "requires": {
        "tr46": "~0.0.3",
        "webidl-conversions": "^3.0.0"
      }
    }
  }
}
